# This file was autogenerated by Stack.
# You should not edit this file by hand.
# For more information, please see the documentation at:
#   https://docs.haskellstack.org/en/stable/lock_files

packages:
- completed:
    hackage: binary-0.8.7.0@sha256:ae3e6cca723ac55c54bbb3fa771bcf18142bc727afd57818e66d6ee6c8044f12,7705
    pantry-tree:
      size: 1976
      sha256: 35e44b6d3ccf0d56fc5407dc3f0895e74696a66da189afbd65973c95743f5e25
  original:
    hackage: binary-0.8.7.0
- completed:
    hackage: blank-canvas-0.6.3@sha256:9c089fd7796e07e428f3490b3812c92fec8d3b615b12c80db7f282b5d6eeec95,7669
    pantry-tree:
      size: 5101
      sha256: a38712dafe44d071d27ea14fda89811f0252ac2bc5c55829f0e874de126bce2d
  original:
    hackage: blank-canvas-0.6.3
- completed:
    hackage: colour-2.3.4@sha256:9a8a9036652da142fb804571ffca7764addf570661c1b5ecfdef9379875d90ab,1827
    pantry-tree:
      size: 1183
      sha256: 344bb246a2b5335054e242420c4f2dedb597baa70de2bed7d89080c7e7462938
  original:
    hackage: colour-2.3.4
- completed:
    hackage: constraints-extras-0.3.0.2@sha256:bf6884be65958e9188ae3c9e5547abfd6d201df021bff8a4704c2c4fe1e1ae5b,1784
    pantry-tree:
      size: 594
      sha256: b0bcc96d375ee11b1972a2e9e8e42039b3f420b0e1c46e9c70652470445a6505
  original:
    hackage: constraints-extras-0.3.0.2
- completed:
    hackage: containers-0.6.2.1@sha256:bbc3d2d5eef59a5d26383fb4b727c968390f2b6e9bd413d29aa875175bb16f8b,2460
    pantry-tree:
      size: 2823
      sha256: 5bb0af2da4e4cc5472a17063ecdbda8f1117e5f3509fcd600f2cbd7e2b760f49
  original:
    hackage: containers-0.6.2.1
- completed:
    hackage: dependent-map-0.3@sha256:dc745864d5116bbd59ad29100faec74c79e681d35808547023619544c0e9f9b7,1574
    pantry-tree:
      size: 551
      sha256: 33ba69f91b54e7d64953b236d1de4ac31477b5b164f2990bfce308914006eac3
  original:
    hackage: dependent-map-0.3
- completed:
    hackage: dependent-sum-0.6.1@sha256:cb1fadb248e5855a84b515c0fd25415533dfcc3d24036a5e8413fc2ec2cf1e43,1854
    pantry-tree:
      size: 474
      sha256: b4129193eae67f92b66ea35d76d36c83eaa879600c40862116bdb682786d393a
  original:
    hackage: dependent-sum-0.6.1
- completed:
    hackage: ghc-lib-parser-0.20190909@sha256:47677612d04fddde238c17350b14c3fc3b927ff0aa0ee4b2d5f8e1f3ed998d0e,8805
    pantry-tree:
      size: 19280
      sha256: 1c9510835aeb86153b6d0714f14724dbefab056ae4047a49832416f3632a5cc0
  original:
    hackage: ghc-lib-parser-0.20190909
- completed:
    hackage: haskell-src-exts-1.20.3@sha256:83ae523bbec907a42c043de1f5bbf4c1554e7c3b898af07bb1ce6e80eaa282ec,4589
    pantry-tree:
      size: 92343
      sha256: 44f923980e915c41b96f326d93ef19c0b51e0799fe2370d7604d16c8cbad9151
  original:
    hackage: haskell-src-exts-1.20.3
- completed:
    hackage: hpc-0.6.0.3@sha256:de3f7982345d315f1d7713df38b4f2cf09bd274f7d64dffec0cf2a0d9c8aab19,1185
    pantry-tree:
      size: 432
      sha256: 4686c367eb25eb4d32d66bd4c080d6caa2b5e78c73beea3993db690137e1d6cb
  original:
    hackage: hpc-0.6.0.3
- completed:
    hackage: hindent-5.3.1@sha256:23dc3d423820a1de4a11f54eb87992f2c9fa1b686b2230bb06d1af46edc85c4b,3452
    pantry-tree:
      size: 1027
      sha256: 29ea7cff1847793ca6249158ad919f4bb7095e59067f9750f4ce7051496e03d0
  original:
    hackage: hindent-5.3.1
- completed:
    hackage: kansas-comet-0.4@sha256:31ef8fdb7ca66fbff292f9b30a4e13bce38b1ce94bc78e9cb0bcf3999178d2e2,1737
    pantry-tree:
      size: 383
      sha256: 2229d669ca7b215e2a6bd08219a61d780d792e0c5f998eb59821331ab85c3b2f
  original:
    hackage: kansas-comet-0.4
- completed:
    hackage: monoidal-containers-0.6@sha256:73067b83e50be95bedb79ab78f5d90c8530aaea7473d8b19f58aeba3ca4393cc,2566
    pantry-tree:
      size: 569
      sha256: eb7d8f55f5419e387c4bf24f962a8459ccb26f0095a15a8a420f2bfcfd1fdeb2
  original:
    hackage: monoidal-containers-0.6
- completed:
    hackage: network-2.6.3.6@sha256:1ca79d81af02d7acd6032d5e6c9bde4618a8fdcfbe19bd42b49d420183975df0,2666
    pantry-tree:
      size: 2254
      sha256: 56285baa11d679521837e1f41311a1aeafa522e7637d408d3decd99c083edba1
  original:
    hackage: network-2.6.3.6
- completed:
    hackage: ref-tf-0.4.0.2@sha256:69de3550250e0cd69f45d080359cb314a9487c915024349c75b78732bbee9332,1134
    pantry-tree:
      size: 211
      sha256: fc5a4a35b4c782a33f452c1dc66ffa8ddbf321e2db369bd8823c796f0d4d8c7f
  original:
    hackage: ref-tf-0.4.0.2
- completed:
    hackage: reflex-0.6.2.4@sha256:ffafa543f5137a4f71a098c8ecec0dbb9b2ceaf83c1143039095ace4530d0879,9253
    pantry-tree:
      size: 4875
      sha256: c34979950fd630df2acd023232158914899e2ce10f2be532d354d87ea213df06
  original:
    hackage: reflex-0.6.2.4
- completed:
    hackage: text-1.2.4.0@sha256:8c24450feb8e3bbb7ea3e17af24ef57e85db077c4bf53e5bcc345b283d1b1d5b,10081
    pantry-tree:
      size: 7457
      sha256: 3437b0a73ce2ae1a81aa8b3438d41a85981c00894cdbee0d6d6d6873046a5d5d
  original:
    hackage: text-1.2.4.0
- completed:
    hackage: witherable-0.3.1@sha256:ed3d5bc9eb1c08fa9704d9e143cdf622e1bd80b847cd5ede8c07da7bc7981ab9,1313
    pantry-tree:
      size: 271
      sha256: 7077f6c0e9e973af2c7f4429bcc3af6d345c19554c1335733faccec35d4c1708
  original:
    hackage: witherable-0.3.1
snapshots:
- completed:
    size: 524786
    url: https://raw.githubusercontent.com/commercialhaskell/stackage-snapshots/master/lts/14/11.yaml
    sha256: 088bb91b545839510a41ae92fa5feb36779ef3529571a42bd12b9f51eb89ded3
  original: lts-14.11
