# This file was autogenerated by Stack.
# You should not edit this file by hand.
# For more information, please see the documentation at:
#   https://docs.haskellstack.org/en/stable/lock_files

packages:
- completed:
    hackage: hindent-5.3.1@sha256:23dc3d423820a1de4a11f54eb87992f2c9fa1b686b2230bb06d1af46edc85c4b,3452
    pantry-tree:
      size: 1027
      sha256: 29ea7cff1847793ca6249158ad919f4bb7095e59067f9750f4ce7051496e03d0
  original:
    hackage: hindent-5.3.1
- completed:
    hackage: haskell-src-exts-1.20.3@sha256:83ae523bbec907a42c043de1f5bbf4c1554e7c3b898af07bb1ce6e80eaa282ec,4589
    pantry-tree:
      size: 92343
      sha256: 44f923980e915c41b96f326d93ef19c0b51e0799fe2370d7604d16c8cbad9151
  original:
    hackage: haskell-src-exts-1.20.3
- completed:
    hackage: ghc-lib-parser-0.20190909@sha256:47677612d04fddde238c17350b14c3fc3b927ff0aa0ee4b2d5f8e1f3ed998d0e,8805
    pantry-tree:
      size: 19280
      sha256: 1c9510835aeb86153b6d0714f14724dbefab056ae4047a49832416f3632a5cc0
  original:
    hackage: ghc-lib-parser-0.20190909
snapshots:
- completed:
    size: 524789
    url: https://raw.githubusercontent.com/commercialhaskell/stackage-snapshots/master/lts/14/9.yaml
    sha256: 8af5eb80734f02621d37e82cc0cde614af2ddc9c320610acb0b1b6d9ac162930
  original: lts-14.9
